
Microsoft Visual Studio Solution File, Format Version 12.00
Project("{2150E333-8FDC-42A3-9474-1A3956D46DE8}") = "Bootstrapper", "Bootstrapper", "{66B7E8C5-1E41-4B23-9B35-3E57DCC759E2}"
EndProject
Project("{2150E333-8FDC-42A3-9474-1A3956D46DE8}") = "Modules", "Modules", "{8E247990-E319-47B7-8160-7319E72F4583}"
EndProject
Project("{2150E333-8FDC-42A3-9474-1A3956D46DE8}") = "Shared", "Shared", "{C109A604-011B-4B14-A856-7ABFD9F28819}"
EndProject
Project("{FAE04EC0-301F-11D3-BF4B-00C04F79EFBC}") = "Api", "Bootstrapper\Api\Api.csproj", "{4FD3A60A-9653-4464-8401-F7154CF0467E}"
EndProject
Project("{2150E333-8FDC-42A3-9474-1A3956D46DE8}") = "Basket", "Basket", "{0A23548D-88D5-4601-A57C-5C048F2C0459}"
EndProject
Project("{2150E333-8FDC-42A3-9474-1A3956D46DE8}") = "Catalog", "Catalog", "{790C5212-4F8A-43EC-A03D-B25301793164}"
EndProject
Project("{2150E333-8FDC-42A3-9474-1A3956D46DE8}") = "Ordering", "Ordering", "{394EDAC5-5D0E-4D02-8F59-BF985E9A2D70}"
EndProject
Project("{FAE04EC0-301F-11D3-BF4B-00C04F79EFBC}") = "Catalog", "Catalog\Catalog.csproj", "{91E33393-36B0-4B35-8124-6D6063A4FBE0}"
EndProject
Project("{FAE04EC0-301F-11D3-BF4B-00C04F79EFBC}") = "Basket", "Basket\Basket.csproj", "{F4049899-FAA9-404F-97CD-DED8C5CA5EAA}"
EndProject
Project("{FAE04EC0-301F-11D3-BF4B-00C04F79EFBC}") = "Ordering", "Ordering\Ordering.csproj", "{74230360-D8D7-4379-90AF-5FD0D84EF57E}"
EndProject
Global
	GlobalSection(SolutionConfigurationPlatforms) = preSolution
		Debug|Any CPU = Debug|Any CPU
		Release|Any CPU = Release|Any CPU
	EndGlobalSection
	GlobalSection(NestedProjects) = preSolution
		{4FD3A60A-9653-4464-8401-F7154CF0467E} = {66B7E8C5-1E41-4B23-9B35-3E57DCC759E2}
		{0A23548D-88D5-4601-A57C-5C048F2C0459} = {8E247990-E319-47B7-8160-7319E72F4583}
		{790C5212-4F8A-43EC-A03D-B25301793164} = {8E247990-E319-47B7-8160-7319E72F4583}
		{394EDAC5-5D0E-4D02-8F59-BF985E9A2D70} = {8E247990-E319-47B7-8160-7319E72F4583}
		{91E33393-36B0-4B35-8124-6D6063A4FBE0} = {790C5212-4F8A-43EC-A03D-B25301793164}
		{F4049899-FAA9-404F-97CD-DED8C5CA5EAA} = {0A23548D-88D5-4601-A57C-5C048F2C0459}
		{74230360-D8D7-4379-90AF-5FD0D84EF57E} = {394EDAC5-5D0E-4D02-8F59-BF985E9A2D70}
	EndGlobalSection
	GlobalSection(ProjectConfigurationPlatforms) = postSolution
		{4FD3A60A-9653-4464-8401-F7154CF0467E}.Debug|Any CPU.ActiveCfg = Debug|Any CPU
		{4FD3A60A-9653-4464-8401-F7154CF0467E}.Debug|Any CPU.Build.0 = Debug|Any CPU
		{4FD3A60A-9653-4464-8401-F7154CF0467E}.Release|Any CPU.ActiveCfg = Release|Any CPU
		{4FD3A60A-9653-4464-8401-F7154CF0467E}.Release|Any CPU.Build.0 = Release|Any CPU
		{91E33393-36B0-4B35-8124-6D6063A4FBE0}.Debug|Any CPU.ActiveCfg = Debug|Any CPU
		{91E33393-36B0-4B35-8124-6D6063A4FBE0}.Debug|Any CPU.Build.0 = Debug|Any CPU
		{91E33393-36B0-4B35-8124-6D6063A4FBE0}.Release|Any CPU.ActiveCfg = Release|Any CPU
		{91E33393-36B0-4B35-8124-6D6063A4FBE0}.Release|Any CPU.Build.0 = Release|Any CPU
		{F4049899-FAA9-404F-97CD-DED8C5CA5EAA}.Debug|Any CPU.ActiveCfg = Debug|Any CPU
		{F4049899-FAA9-404F-97CD-DED8C5CA5EAA}.Debug|Any CPU.Build.0 = Debug|Any CPU
		{F4049899-FAA9-404F-97CD-DED8C5CA5EAA}.Release|Any CPU.ActiveCfg = Release|Any CPU
		{F4049899-FAA9-404F-97CD-DED8C5CA5EAA}.Release|Any CPU.Build.0 = Release|Any CPU
		{74230360-D8D7-4379-90AF-5FD0D84EF57E}.Debug|Any CPU.ActiveCfg = Debug|Any CPU
		{74230360-D8D7-4379-90AF-5FD0D84EF57E}.Debug|Any CPU.Build.0 = Debug|Any CPU
		{74230360-D8D7-4379-90AF-5FD0D84EF57E}.Release|Any CPU.ActiveCfg = Release|Any CPU
		{74230360-D8D7-4379-90AF-5FD0D84EF57E}.Release|Any CPU.Build.0 = Release|Any CPU
	EndGlobalSection
EndGlobal
